
Microsoft Visual Studio Solution File, Format Version 12.00
# Visual Studio Version 17
VisualStudioVersion = 17.4.33213.308
MinimumVisualStudioVersion = 10.0.40219.1
Project("{FAE04EC0-301F-11D3-BF4B-00C04F79EFBC}") = "ZgloszeniaAwarii", "ZgloszeniaAwarii\ZgloszeniaAwarii.csproj", "{7CDEE7AF-7B5E-4A70-B1D7-BCB6C7C53337}"
EndProject
Global
	GlobalSection(SolutionConfigurationPlatforms) = preSolution
		Debug|Any CPU = Debug|Any CPU
		Release|Any CPU = Release|Any CPU
	EndGlobalSection
	GlobalSection(ProjectConfigurationPlatforms) = postSolution
		{7CDEE7AF-7B5E-4A70-B1D7-BCB6C7C53337}.Debug|Any CPU.ActiveCfg = Debug|Any CPU
		{7CDEE7AF-7B5E-4A70-B1D7-BCB6C7C53337}.Debug|Any CPU.Build.0 = Debug|Any CPU
		{7CDEE7AF-7B5E-4A70-B1D7-BCB6C7C53337}.Release|Any CPU.ActiveCfg = Release|Any CPU
		{7CDEE7AF-7B5E-4A70-B1D7-BCB6C7C53337}.Release|Any CPU.Build.0 = Release|Any CPU
	EndGlobalSection
	GlobalSection(SolutionProperties) = preSolution
		HideSolutionNode = FALSE
	EndGlobalSection
	GlobalSection(ExtensibilityGlobals) = postSolution
		SolutionGuid = {FC5C2DE7-C661-4AC6-9DC0-69E4F2277F0F}
	EndGlobalSection
EndGlobal
